
Microsoft Visual Studio Solution File, Format Version 12.00
# Visual Studio Version 17
VisualStudioVersion = 17.10.35027.167
MinimumVisualStudioVersion = 10.0.40219.1
Project("{FAE04EC0-301F-11D3-BF4B-00C04F79EFBC}") = "GoodHamburger", "GoodHamburger\GoodHamburger.csproj", "{845E9533-2BC3-4A79-A902-38EED57F313E}"
EndProject
Global
	GlobalSection(SolutionConfigurationPlatforms) = preSolution
		Debug|Any CPU = Debug|Any CPU
		Release|Any CPU = Release|Any CPU
	EndGlobalSection
	GlobalSection(ProjectConfigurationPlatforms) = postSolution
		{845E9533-2BC3-4A79-A902-38EED57F313E}.Debug|Any CPU.ActiveCfg = Debug|Any CPU
		{845E9533-2BC3-4A79-A902-38EED57F313E}.Debug|Any CPU.Build.0 = Debug|Any CPU
		{845E9533-2BC3-4A79-A902-38EED57F313E}.Release|Any CPU.ActiveCfg = Release|Any CPU
		{845E9533-2BC3-4A79-A902-38EED57F313E}.Release|Any CPU.Build.0 = Release|Any CPU
	EndGlobalSection
	GlobalSection(SolutionProperties) = preSolution
		HideSolutionNode = FALSE
	EndGlobalSection
	GlobalSection(ExtensibilityGlobals) = postSolution
		SolutionGuid = {CB73455D-C5AC-4D00-A749-2E4F2ACF8D1E}
	EndGlobalSection
EndGlobal
